<?xml version="1.0" encoding="utf-8"?>
<Project ToolsVersion="4.0" xmlns="http://schemas.microsoft.com/developer/msbuild/2003">
  <ItemGroup>
    <Filter Include="Source Files">
      <UniqueIdentifier>{4FC737F1-C7A5-4376-A066-2A32D752A2FF}</UniqueIdentifier>
      <Extensions>cpp;c;cc;cxx;c++;cppm;ixx;def;odl;idl;hpj;bat;asm;asmx</Extensions>
    </Filter>
    <Filter Include="Header Files">
      <UniqueIdentifier>{93995380-89BD-4b04-88EB-625FBE52EBFB}</UniqueIdentifier>
      <Extensions>h;hh;hpp;hxx;h++;hm;inl;inc;ipp;xsd</Extensions>
    </Filter>
    <Filter Include="Resource Files">
      <UniqueIdentifier>{67DA6AB6-F800-4c08-8B7A-83BB121AAD01}</UniqueIdentifier>
      <Extensions>rc;ico;cur;bmp;dlg;rc2;rct;bin;rgs;gif;jpg;jpeg;jpe;resx;tiff;tif;png;wav;mfcribbon-ms</Extensions>
    </Filter>
  </ItemGroup>
  <ItemGroup>
    <ClCompile Include="src\main.cpp">
      <Filter>Source Files</Filter>
    </ClCompile>
    <ClCompile Include="src\screen.cpp">
      <Filter>Source Files</Filter>
    </ClCompile>
    <ClCompile Include="src\game_object.cpp">
      <Filter>Source Files</Filter>
    </ClCompile>
    <ClCompile Include="src\player.cpp">
      <Filter>Source Files</Filter>
    </ClCompile>
    <ClCompile Include="src\wall.cpp">
      <Filter>Source Files</Filter>
    </ClCompile>
    <ClCompile Include="src\room.cpp">
      <Filter>Source Files</Filter>
    </ClCompile>
    <ClCompile Include="src\ui_bar.cpp">
      <Filter>Source Files</Filter>
    </ClCompile>
    <ClCompile Include="src\bullet.cpp">
      <Filter>Source Files</Filter>
    </ClCompile>
    <ClCompile Include="src\gun.cpp">
      <Filter>Source Files</Filter>
    </ClCompile>
    <ClCompile Include="src\enemy.cpp">
      <Filter>Source Files</Filter>
    </ClCompile>
    <ClCompile Include="src\ship.cpp">
      <Filter>Source Files</Filter>
    </ClCompile>
    <ClCompile Include="src\door.cpp">
      <Filter>Source Files</Filter>
    </ClCompile>
    <ClCompile Include="src\menu.cpp">
      <Filter>Source Files</Filter>
    </ClCompile>
    <ClCompile Include="src\menu_item.cpp">
      <Filter>Source Files</Filter>
    </ClCompile>
    <ClCompile Include="src\menu_button.cpp">
      <Filter>Source Files</Filter>
    </ClCompile>
    <ClCompile Include="src\menu_text.cpp">
      <Filter>Source Files</Filter>
    </ClCompile>
  </ItemGroup>
  <ItemGroup>
    <ClInclude Include="inculde\vector.h">
      <Filter>Header Files</Filter>
    </ClInclude>
    <ClInclude Include="inculde\screen.h">
      <Filter>Header Files</Filter>
    </ClInclude>
    <ClInclude Include="inculde\game_object.h">
      <Filter>Header Files</Filter>
    </ClInclude>
    <ClInclude Include="inculde\player.h">
      <Filter>Header Files</Filter>
    </ClInclude>
    <ClInclude Include="inculde\wall.h">
      <Filter>Header Files</Filter>
    </ClInclude>
    <ClInclude Include="inculde\room.h">
      <Filter>Header Files</Filter>
    </ClInclude>
    <ClInclude Include="inculde\ui_bar.h">
      <Filter>Header Files</Filter>
    </ClInclude>
    <ClInclude Include="inculde\bullet.h">
      <Filter>Header Files</Filter>
    </ClInclude>
    <ClInclude Include="inculde\gun.h">
      <Filter>Header Files</Filter>
    </ClInclude>
    <ClInclude Include="inculde\enemy.h">
      <Filter>Header Files</Filter>
    </ClInclude>
    <ClInclude Include="inculde\ship.h">
      <Filter>Header Files</Filter>
    </ClInclude>
    <ClInclude Include="inculde\main.h">
      <Filter>Header Files</Filter>
    </ClInclude>
    <ClInclude Include="inculde\door.h">
      <Filter>Header Files</Filter>
    </ClInclude>
    <ClInclude Include="inculde\menu.h">
      <Filter>Header Files</Filter>
    </ClInclude>
    <ClInclude Include="menu_button.h">
      <Filter>Header Files</Filter>
    </ClInclude>
    <ClInclude Include="inculde\menu_text.h">
      <Filter>Header Files</Filter>
    </ClInclude>
    <ClInclude Include="inculde\menu_item.h">
      <Filter>Header Files</Filter>
    </ClInclude>
    <ClInclude Include="inculde\functions.h">
      <Filter>Header Files</Filter>
    </ClInclude>
  </ItemGroup>
</Project>